
Microsoft Visual Studio Solution File, Format Version 12.00
# Visual Studio Version 17
VisualStudioVersion = 17.5.002.0
MinimumVisualStudioVersion = 10.0.40219.1
Project("{2150E333-8FDC-42A3-9474-1A3956D46DE8}") = "csharp-prep", "csharp-prep", "{C63F2F28-AECA-48B4-90FC-203D44F760B8}"
EndProject
Project("{9A19103F-16F7-4668-BE54-9A1E7A4F7556}") = "Prep1", "csharp-prep\Prep1\Prep1.csproj", "{3F2874FF-F9C7-4147-AAD7-40AC6B67CB5B}"
EndProject
Project("{9A19103F-16F7-4668-BE54-9A1E7A4F7556}") = "Prep2", "csharp-prep\Prep2\Prep2.csproj", "{E420B35B-94DD-4BBB-BA82-3B82C471731A}"
EndProject
Project("{9A19103F-16F7-4668-BE54-9A1E7A4F7556}") = "Prep3", "csharp-prep\Prep3\Prep3.csproj", "{1DA2E3B3-EFA7-44F1-BBE0-88455D320C12}"
EndProject
Project("{9A19103F-16F7-4668-BE54-9A1E7A4F7556}") = "Prep4", "csharp-prep\Prep4\Prep4.csproj", "{41FD4EE3-5C18-44F0-A4A0-EDC8643715B2}"
EndProject
Project("{9A19103F-16F7-4668-BE54-9A1E7A4F7556}") = "Prep5", "csharp-prep\Prep5\Prep5.csproj", "{829945B9-F2EA-4B87-B2AE-A61FC5A4ADDD}"
EndProject
Project("{2150E333-8FDC-42A3-9474-1A3956D46DE8}") = "final", "final", "{EEB80BE7-40B4-40A7-B2FA-99B7194906E7}"
EndProject
Project("{9A19103F-16F7-4668-BE54-9A1E7A4F7556}") = "FinalProject", "final\FinalProject\FinalProject.csproj", "{AA3AB1CC-8D0D-4D0D-8E14-3464F0C54F2E}"
EndProject
Project("{9A19103F-16F7-4668-BE54-9A1E7A4F7556}") = "Foundation1", "final\Foundation1\Foundation1.csproj", "{F07D9F81-E427-464A-B8B3-45ABD48CA9C8}"
EndProject
Project("{9A19103F-16F7-4668-BE54-9A1E7A4F7556}") = "Foundation2", "final\Foundation2\Foundation2.csproj", "{CC221039-EA8A-4581-9556-56F5A37E93DD}"
EndProject
Project("{9A19103F-16F7-4668-BE54-9A1E7A4F7556}") = "Foundation3", "final\Foundation3\Foundation3.csproj", "{C1793318-D866-4241-8E2C-4D8E6329FC31}"
EndProject
Project("{9A19103F-16F7-4668-BE54-9A1E7A4F7556}") = "Foundation4", "final\Foundation4\Foundation4.csproj", "{7E4725F6-FF6B-4C37-9247-8B2BB2488773}"
EndProject
Project("{2150E333-8FDC-42A3-9474-1A3956D46DE8}") = "prepare", "prepare", "{893658E8-51F9-4257-AD62-5B06151E9C74}"
EndProject
Project("{9A19103F-16F7-4668-BE54-9A1E7A4F7556}") = "Learning02", "prepare\Learning02\Learning02.csproj", "{C5CDA857-406F-4C27-A308-3EDBCAEC7DC4}"
EndProject
Project("{9A19103F-16F7-4668-BE54-9A1E7A4F7556}") = "Learning03", "prepare\Learning03\Learning03.csproj", "{C16E3D01-1F5C-482D-924A-B306E4E9BDEB}"
EndProject
Project("{9A19103F-16F7-4668-BE54-9A1E7A4F7556}") = "Learning04", "prepare\Learning04\Learning04.csproj", "{F5164EF1-E11F-4B3C-AF8F-71FBE6DBF4F3}"
EndProject
Project("{9A19103F-16F7-4668-BE54-9A1E7A4F7556}") = "Learning05", "prepare\Learning05\Learning05.csproj", "{706FADC4-34C1-4C60-971A-2F4B5575804C}"
EndProject
Project("{2150E333-8FDC-42A3-9474-1A3956D46DE8}") = "prove", "prove", "{C1A3C179-3DE4-4CB2-890B-08CE35D38499}"
EndProject
Project("{9A19103F-16F7-4668-BE54-9A1E7A4F7556}") = "Develop02", "prove\Develop02\Develop02.csproj", "{8D399688-A095-4A18-98BE-FBFBC1C4F63B}"
EndProject
Project("{9A19103F-16F7-4668-BE54-9A1E7A4F7556}") = "Develop03", "prove\Develop03\Develop03.csproj", "{3AA9D026-4DD8-485D-8E74-11261794D6C0}"
EndProject
Project("{9A19103F-16F7-4668-BE54-9A1E7A4F7556}") = "Develop04", "prove\Develop04\Develop04.csproj", "{ECDA7E39-B9A4-4987-B40B-8078E7FF2CB6}"
EndProject
Project("{9A19103F-16F7-4668-BE54-9A1E7A4F7556}") = "Develop05", "prove\Develop05\Develop05.csproj", "{F0067B77-AA1A-44F9-9ECA-F026EE029331}"
EndProject
Project("{2150E333-8FDC-42A3-9474-1A3956D46DE8}") = "sandbox", "sandbox", "{6129EB52-0FB4-4A11-8C87-4EBA66D03D40}"
EndProject
Project("{9A19103F-16F7-4668-BE54-9A1E7A4F7556}") = "Sandbox", "sandbox\Sandbox\Sandbox.csproj", "{DFF97A53-A187-460B-A81A-F451F26A2B2B}"
EndProject
Global
	GlobalSection(SolutionConfigurationPlatforms) = preSolution
		Debug|Any CPU = Debug|Any CPU
		Release|Any CPU = Release|Any CPU
	EndGlobalSection
	GlobalSection(ProjectConfigurationPlatforms) = postSolution
		{3F2874FF-F9C7-4147-AAD7-40AC6B67CB5B}.Debug|Any CPU.ActiveCfg = Debug|Any CPU
		{3F2874FF-F9C7-4147-AAD7-40AC6B67CB5B}.Debug|Any CPU.Build.0 = Debug|Any CPU
		{3F2874FF-F9C7-4147-AAD7-40AC6B67CB5B}.Release|Any CPU.ActiveCfg = Release|Any CPU
		{3F2874FF-F9C7-4147-AAD7-40AC6B67CB5B}.Release|Any CPU.Build.0 = Release|Any CPU
		{E420B35B-94DD-4BBB-BA82-3B82C471731A}.Debug|Any CPU.ActiveCfg = Debug|Any CPU
		{E420B35B-94DD-4BBB-BA82-3B82C471731A}.Debug|Any CPU.Build.0 = Debug|Any CPU
		{E420B35B-94DD-4BBB-BA82-3B82C471731A}.Release|Any CPU.ActiveCfg = Release|Any CPU
		{E420B35B-94DD-4BBB-BA82-3B82C471731A}.Release|Any CPU.Build.0 = Release|Any CPU
		{1DA2E3B3-EFA7-44F1-BBE0-88455D320C12}.Debug|Any CPU.ActiveCfg = Debug|Any CPU
		{1DA2E3B3-EFA7-44F1-BBE0-88455D320C12}.Debug|Any CPU.Build.0 = Debug|Any CPU
		{1DA2E3B3-EFA7-44F1-BBE0-88455D320C12}.Release|Any CPU.ActiveCfg = Release|Any CPU
		{1DA2E3B3-EFA7-44F1-BBE0-88455D320C12}.Release|Any CPU.Build.0 = Release|Any CPU
		{41FD4EE3-5C18-44F0-A4A0-EDC8643715B2}.Debug|Any CPU.ActiveCfg = Debug|Any CPU
		{41FD4EE3-5C18-44F0-A4A0-EDC8643715B2}.Debug|Any CPU.Build.0 = Debug|Any CPU
		{41FD4EE3-5C18-44F0-A4A0-EDC8643715B2}.Release|Any CPU.ActiveCfg = Release|Any CPU
		{41FD4EE3-5C18-44F0-A4A0-EDC8643715B2}.Release|Any CPU.Build.0 = Release|Any CPU
		{829945B9-F2EA-4B87-B2AE-A61FC5A4ADDD}.Debug|Any CPU.ActiveCfg = Debug|Any CPU
		{829945B9-F2EA-4B87-B2AE-A61FC5A4ADDD}.Debug|Any CPU.Build.0 = Debug|Any CPU
		{829945B9-F2EA-4B87-B2AE-A61FC5A4ADDD}.Release|Any CPU.ActiveCfg = Release|Any CPU
		{829945B9-F2EA-4B87-B2AE-A61FC5A4ADDD}.Release|Any CPU.Build.0 = Release|Any CPU
		{AA3AB1CC-8D0D-4D0D-8E14-3464F0C54F2E}.Debug|Any CPU.ActiveCfg = Debug|Any CPU
		{AA3AB1CC-8D0D-4D0D-8E14-3464F0C54F2E}.Debug|Any CPU.Build.0 = Debug|Any CPU
		{AA3AB1CC-8D0D-4D0D-8E14-3464F0C54F2E}.Release|Any CPU.ActiveCfg = Release|Any CPU
		{AA3AB1CC-8D0D-4D0D-8E14-3464F0C54F2E}.Release|Any CPU.Build.0 = Release|Any CPU
		{F07D9F81-E427-464A-B8B3-45ABD48CA9C8}.Debug|Any CPU.ActiveCfg = Debug|Any CPU
		{F07D9F81-E427-464A-B8B3-45ABD48CA9C8}.Debug|Any CPU.Build.0 = Debug|Any CPU
		{F07D9F81-E427-464A-B8B3-45ABD48CA9C8}.Release|Any CPU.ActiveCfg = Release|Any CPU
		{F07D9F81-E427-464A-B8B3-45ABD48CA9C8}.Release|Any CPU.Build.0 = Release|Any CPU
		{CC221039-EA8A-4581-9556-56F5A37E93DD}.Debug|Any CPU.ActiveCfg = Debug|Any CPU
		{CC221039-EA8A-4581-9556-56F5A37E93DD}.Debug|Any CPU.Build.0 = Debug|Any CPU
		{CC221039-EA8A-4581-9556-56F5A37E93DD}.Release|Any CPU.ActiveCfg = Release|Any CPU
		{CC221039-EA8A-4581-9556-56F5A37E93DD}.Release|Any CPU.Build.0 = Release|Any CPU
		{C1793318-D866-4241-8E2C-4D8E6329FC31}.Debug|Any CPU.ActiveCfg = Debug|Any CPU
		{C1793318-D866-4241-8E2C-4D8E6329FC31}.Debug|Any CPU.Build.0 = Debug|Any CPU
		{C1793318-D866-4241-8E2C-4D8E6329FC31}.Release|Any CPU.ActiveCfg = Release|Any CPU
		{C1793318-D866-4241-8E2C-4D8E6329FC31}.Release|Any CPU.Build.0 = Release|Any CPU
		{7E4725F6-FF6B-4C37-9247-8B2BB2488773}.Debug|Any CPU.ActiveCfg = Debug|Any CPU
		{7E4725F6-FF6B-4C37-9247-8B2BB2488773}.Debug|Any CPU.Build.0 = Debug|Any CPU
		{7E4725F6-FF6B-4C37-9247-8B2BB2488773}.Release|Any CPU.ActiveCfg = Release|Any CPU
		{7E4725F6-FF6B-4C37-9247-8B2BB2488773}.Release|Any CPU.Build.0 = Release|Any CPU
		{C5CDA857-406F-4C27-A308-3EDBCAEC7DC4}.Debug|Any CPU.ActiveCfg = Debug|Any CPU
		{C5CDA857-406F-4C27-A308-3EDBCAEC7DC4}.Debug|Any CPU.Build.0 = Debug|Any CPU
		{C5CDA857-406F-4C27-A308-3EDBCAEC7DC4}.Release|Any CPU.ActiveCfg = Release|Any CPU
		{C5CDA857-406F-4C27-A308-3EDBCAEC7DC4}.Release|Any CPU.Build.0 = Release|Any CPU
		{C16E3D01-1F5C-482D-924A-B306E4E9BDEB}.Debug|Any CPU.ActiveCfg = Debug|Any CPU
		{C16E3D01-1F5C-482D-924A-B306E4E9BDEB}.Debug|Any CPU.Build.0 = Debug|Any CPU
		{C16E3D01-1F5C-482D-924A-B306E4E9BDEB}.Release|Any CPU.ActiveCfg = Release|Any CPU
		{C16E3D01-1F5C-482D-924A-B306E4E9BDEB}.Release|Any CPU.Build.0 = Release|Any CPU
		{F5164EF1-E11F-4B3C-AF8F-71FBE6DBF4F3}.Debug|Any CPU.ActiveCfg = Debug|Any CPU
		{F5164EF1-E11F-4B3C-AF8F-71FBE6DBF4F3}.Debug|Any CPU.Build.0 = Debug|Any CPU
		{F5164EF1-E11F-4B3C-AF8F-71FBE6DBF4F3}.Release|Any CPU.ActiveCfg = Release|Any CPU
		{F5164EF1-E11F-4B3C-AF8F-71FBE6DBF4F3}.Release|Any CPU.Build.0 = Release|Any CPU
		{706FADC4-34C1-4C60-971A-2F4B5575804C}.Debug|Any CPU.ActiveCfg = Debug|Any CPU
		{706FADC4-34C1-4C60-971A-2F4B5575804C}.Debug|Any CPU.Build.0 = Debug|Any CPU
		{706FADC4-34C1-4C60-971A-2F4B5575804C}.Release|Any CPU.ActiveCfg = Release|Any CPU
		{706FADC4-34C1-4C60-971A-2F4B5575804C}.Release|Any CPU.Build.0 = Release|Any CPU
		{8D399688-A095-4A18-98BE-FBFBC1C4F63B}.Debug|Any CPU.ActiveCfg = Debug|Any CPU
		{8D399688-A095-4A18-98BE-FBFBC1C4F63B}.Debug|Any CPU.Build.0 = Debug|Any CPU
		{8D399688-A095-4A18-98BE-FBFBC1C4F63B}.Release|Any CPU.ActiveCfg = Release|Any CPU
		{8D399688-A095-4A18-98BE-FBFBC1C4F63B}.Release|Any CPU.Build.0 = Release|Any CPU
		{3AA9D026-4DD8-485D-8E74-11261794D6C0}.Debug|Any CPU.ActiveCfg = Debug|Any CPU
		{3AA9D026-4DD8-485D-8E74-11261794D6C0}.Debug|Any CPU.Build.0 = Debug|Any CPU
		{3AA9D026-4DD8-485D-8E74-11261794D6C0}.Release|Any CPU.ActiveCfg = Release|Any CPU
		{3AA9D026-4DD8-485D-8E74-11261794D6C0}.Release|Any CPU.Build.0 = Release|Any CPU
		{ECDA7E39-B9A4-4987-B40B-8078E7FF2CB6}.Debug|Any CPU.ActiveCfg = Debug|Any CPU
		{ECDA7E39-B9A4-4987-B40B-8078E7FF2CB6}.Debug|Any CPU.Build.0 = Debug|Any CPU
		{ECDA7E39-B9A4-4987-B40B-8078E7FF2CB6}.Release|Any CPU.ActiveCfg = Release|Any CPU
		{ECDA7E39-B9A4-4987-B40B-8078E7FF2CB6}.Release|Any CPU.Build.0 = Release|Any CPU
		{F0067B77-AA1A-44F9-9ECA-F026EE029331}.Debug|Any CPU.ActiveCfg = Debug|Any CPU
		{F0067B77-AA1A-44F9-9ECA-F026EE029331}.Debug|Any CPU.Build.0 = Debug|Any CPU
		{F0067B77-AA1A-44F9-9ECA-F026EE029331}.Release|Any CPU.ActiveCfg = Release|Any CPU
		{F0067B77-AA1A-44F9-9ECA-F026EE029331}.Release|Any CPU.Build.0 = Release|Any CPU
		{DFF97A53-A187-460B-A81A-F451F26A2B2B}.Debug|Any CPU.ActiveCfg = Debug|Any CPU
		{DFF97A53-A187-460B-A81A-F451F26A2B2B}.Debug|Any CPU.Build.0 = Debug|Any CPU
		{DFF97A53-A187-460B-A81A-F451F26A2B2B}.Release|Any CPU.ActiveCfg = Release|Any CPU
		{DFF97A53-A187-460B-A81A-F451F26A2B2B}.Release|Any CPU.Build.0 = Release|Any CPU
	EndGlobalSection
	GlobalSection(SolutionProperties) = preSolution
		HideSolutionNode = FALSE
	EndGlobalSection
	GlobalSection(NestedProjects) = preSolution
		{3F2874FF-F9C7-4147-AAD7-40AC6B67CB5B} = {C63F2F28-AECA-48B4-90FC-203D44F760B8}
		{E420B35B-94DD-4BBB-BA82-3B82C471731A} = {C63F2F28-AECA-48B4-90FC-203D44F760B8}
		{1DA2E3B3-EFA7-44F1-BBE0-88455D320C12} = {C63F2F28-AECA-48B4-90FC-203D44F760B8}
		{41FD4EE3-5C18-44F0-A4A0-EDC8643715B2} = {C63F2F28-AECA-48B4-90FC-203D44F760B8}
		{829945B9-F2EA-4B87-B2AE-A61FC5A4ADDD} = {C63F2F28-AECA-48B4-90FC-203D44F760B8}
		{AA3AB1CC-8D0D-4D0D-8E14-3464F0C54F2E} = {EEB80BE7-40B4-40A7-B2FA-99B7194906E7}
		{F07D9F81-E427-464A-B8B3-45ABD48CA9C8} = {EEB80BE7-40B4-40A7-B2FA-99B7194906E7}
		{CC221039-EA8A-4581-9556-56F5A37E93DD} = {EEB80BE7-40B4-40A7-B2FA-99B7194906E7}
		{C1793318-D866-4241-8E2C-4D8E6329FC31} = {EEB80BE7-40B4-40A7-B2FA-99B7194906E7}
		{7E4725F6-FF6B-4C37-9247-8B2BB2488773} = {EEB80BE7-40B4-40A7-B2FA-99B7194906E7}
		{C5CDA857-406F-4C27-A308-3EDBCAEC7DC4} = {893658E8-51F9-4257-AD62-5B06151E9C74}
		{C16E3D01-1F5C-482D-924A-B306E4E9BDEB} = {893658E8-51F9-4257-AD62-5B06151E9C74}
		{F5164EF1-E11F-4B3C-AF8F-71FBE6DBF4F3} = {893658E8-51F9-4257-AD62-5B06151E9C74}
		{706FADC4-34C1-4C60-971A-2F4B5575804C} = {893658E8-51F9-4257-AD62-5B06151E9C74}
		{8D399688-A095-4A18-98BE-FBFBC1C4F63B} = {C1A3C179-3DE4-4CB2-890B-08CE35D38499}
		{3AA9D026-4DD8-485D-8E74-11261794D6C0} = {C1A3C179-3DE4-4CB2-890B-08CE35D38499}
		{ECDA7E39-B9A4-4987-B40B-8078E7FF2CB6} = {C1A3C179-3DE4-4CB2-890B-08CE35D38499}
		{F0067B77-AA1A-44F9-9ECA-F026EE029331} = {C1A3C179-3DE4-4CB2-890B-08CE35D38499}
		{DFF97A53-A187-460B-A81A-F451F26A2B2B} = {6129EB52-0FB4-4A11-8C87-4EBA66D03D40}
	EndGlobalSection
	GlobalSection(ExtensibilityGlobals) = postSolution
		SolutionGuid = {D8F68889-8DFA-4124-9803-C4799FE2D79E}
	EndGlobalSection
EndGlobal
